
Microsoft Visual Studio Solution File, Format Version 12.00
# Visual Studio Version 16
VisualStudioVersion = 16.0.31019.35
MinimumVisualStudioVersion = 10.0.40219.1
Project("{FAE04EC0-301F-11D3-BF4B-00C04F79EFBC}") = "Cinema", "Cinema\Cinema.csproj", "{DEA31395-08EB-42BA-9775-2E1545F13047}"
EndProject
Global
	GlobalSection(SolutionConfigurationPlatforms) = preSolution
		Debug|Any CPU = Debug|Any CPU
		Release|Any CPU = Release|Any CPU
	EndGlobalSection
	GlobalSection(ProjectConfigurationPlatforms) = postSolution
		{DEA31395-08EB-42BA-9775-2E1545F13047}.Debug|Any CPU.ActiveCfg = Debug|Any CPU
		{DEA31395-08EB-42BA-9775-2E1545F13047}.Debug|Any CPU.Build.0 = Debug|Any CPU
		{DEA31395-08EB-42BA-9775-2E1545F13047}.Release|Any CPU.ActiveCfg = Release|Any CPU
		{DEA31395-08EB-42BA-9775-2E1545F13047}.Release|Any CPU.Build.0 = Release|Any CPU
	EndGlobalSection
	GlobalSection(SolutionProperties) = preSolution
		HideSolutionNode = FALSE
	EndGlobalSection
	GlobalSection(ExtensibilityGlobals) = postSolution
		SolutionGuid = {7CF9BAA1-FF22-49B0-8E56-DCF997469EF8}
	EndGlobalSection
EndGlobal
